
Microsoft Visual Studio Solution File, Format Version 12.00
# Visual Studio Version 16
VisualStudioVersion = 16.0.30611.23
MinimumVisualStudioVersion = 10.0.40219.1
Project("{FAE04EC0-301F-11D3-BF4B-00C04F79EFBC}") = "VemaTextileProject", "VemaTextileProject\VemaTextileProject.csproj", "{C8D56BE8-96FA-4509-894D-A05C08C03D8E}"
EndProject
Global
	GlobalSection(SolutionConfigurationPlatforms) = preSolution
		Debug|Any CPU = Debug|Any CPU
		Release|Any CPU = Release|Any CPU
	EndGlobalSection
	GlobalSection(ProjectConfigurationPlatforms) = postSolution
		{C8D56BE8-96FA-4509-894D-A05C08C03D8E}.Debug|Any CPU.ActiveCfg = Debug|Any CPU
		{C8D56BE8-96FA-4509-894D-A05C08C03D8E}.Debug|Any CPU.Build.0 = Debug|Any CPU
		{C8D56BE8-96FA-4509-894D-A05C08C03D8E}.Release|Any CPU.ActiveCfg = Release|Any CPU
		{C8D56BE8-96FA-4509-894D-A05C08C03D8E}.Release|Any CPU.Build.0 = Release|Any CPU
	EndGlobalSection
	GlobalSection(SolutionProperties) = preSolution
		HideSolutionNode = FALSE
	EndGlobalSection
	GlobalSection(ExtensibilityGlobals) = postSolution
		SolutionGuid = {D4290139-52F0-4441-BC66-1BEB29B800ED}
	EndGlobalSection
EndGlobal
